
Microsoft Visual Studio Solution File, Format Version 9.00
# Visual Studio 2005
Project("{F184B08F-C81C-45F6-A57F-5ABD9991F28F}") = "10 exercise. 2 even handel A B C Radio Buttons", "10 exercise. 2 even handel A B C Radio Buttons.vbproj", "{CE086EED-FF81-4852-A1DA-5693946683A5}"
EndProject
Global
	GlobalSection(SolutionConfigurationPlatforms) = preSolution
		Debug|Any CPU = Debug|Any CPU
		Release|Any CPU = Release|Any CPU
	EndGlobalSection
	GlobalSection(ProjectConfigurationPlatforms) = postSolution
		{CE086EED-FF81-4852-A1DA-5693946683A5}.Debug|Any CPU.ActiveCfg = Debug|Any CPU
		{CE086EED-FF81-4852-A1DA-5693946683A5}.Debug|Any CPU.Build.0 = Debug|Any CPU
		{CE086EED-FF81-4852-A1DA-5693946683A5}.Release|Any CPU.ActiveCfg = Release|Any CPU
		{CE086EED-FF81-4852-A1DA-5693946683A5}.Release|Any CPU.Build.0 = Release|Any CPU
	EndGlobalSection
	GlobalSection(SolutionProperties) = preSolution
		HideSolutionNode = FALSE
	EndGlobalSection
EndGlobal
