
Microsoft Visual Studio Solution File, Format Version 9.00
# Visual Studio 2005
Project("{F184B08F-C81C-45F6-A57F-5ABD9991F28F}") = "10.exer 7 Calculator", "10.exer 7 Calculator.vbproj", "{82E6F1AB-B831-4EB7-A9AF-E4B01412989D}"
EndProject
Global
	GlobalSection(SolutionConfigurationPlatforms) = preSolution
		Debug|Any CPU = Debug|Any CPU
		Release|Any CPU = Release|Any CPU
	EndGlobalSection
	GlobalSection(ProjectConfigurationPlatforms) = postSolution
		{82E6F1AB-B831-4EB7-A9AF-E4B01412989D}.Debug|Any CPU.ActiveCfg = Debug|Any CPU
		{82E6F1AB-B831-4EB7-A9AF-E4B01412989D}.Debug|Any CPU.Build.0 = Debug|Any CPU
		{82E6F1AB-B831-4EB7-A9AF-E4B01412989D}.Release|Any CPU.ActiveCfg = Release|Any CPU
		{82E6F1AB-B831-4EB7-A9AF-E4B01412989D}.Release|Any CPU.Build.0 = Release|Any CPU
	EndGlobalSection
	GlobalSection(SolutionProperties) = preSolution
		HideSolutionNode = FALSE
	EndGlobalSection
EndGlobal
